<?xml version="1.0" encoding="utf-8"?>
<Project ToolsVersion="4.0" xmlns="http://schemas.microsoft.com/developer/msbuild/2003">
  <ItemGroup>
    <Filter Include="Source Files">
      <UniqueIdentifier>{4FC737F1-C7A5-4376-A066-2A32D752A2FF}</UniqueIdentifier>
      <Extensions>cpp;c;cc;cxx;c++;cppm;ixx;def;odl;idl;hpj;bat;asm;asmx</Extensions>
    </Filter>
    <Filter Include="Header Files">
      <UniqueIdentifier>{93995380-89BD-4b04-88EB-625FBE52EBFB}</UniqueIdentifier>
      <Extensions>h;hh;hpp;hxx;h++;hm;inl;inc;ipp;xsd</Extensions>
    </Filter>
    <Filter Include="Resource Files">
      <UniqueIdentifier>{67DA6AB6-F800-4c08-8B7A-83BB121AAD01}</UniqueIdentifier>
      <Extensions>rc;ico;cur;bmp;dlg;rc2;rct;bin;rgs;gif;jpg;jpeg;jpe;resx;tiff;tif;png;wav;mfcribbon-ms</Extensions>
    </Filter>
    <Filter Include="SDK">
      <UniqueIdentifier>{f2e8727b-5e94-4614-8a3c-167b7923b971}</UniqueIdentifier>
    </Filter>
    <Filter Include="Offsets">
      <UniqueIdentifier>{4c0d1fb8-c19f-475e-92a0-327ab167f3ec}</UniqueIdentifier>
    </Filter>
    <Filter Include="PlayerEntity">
      <UniqueIdentifier>{a7a0efbc-dc22-47c8-885d-2a44e5cbea7e}</UniqueIdentifier>
    </Filter>
    <Filter Include="Edges">
      <UniqueIdentifier>{5baa9c40-acc5-4cea-a797-2233da3ffdd7}</UniqueIdentifier>
    </Filter>
    <Filter Include="Hooking">
      <UniqueIdentifier>{ef48dd13-e3b9-4700-9921-fd2a86f4cae9}</UniqueIdentifier>
    </Filter>
    <Filter Include="DX">
      <UniqueIdentifier>{9a90c38b-af97-4d5c-a915-d9f5dd2e2967}</UniqueIdentifier>
    </Filter>
    <Filter Include="Drawing">
      <UniqueIdentifier>{b2ccaa41-eed4-4749-ae16-d8f7b7a2f70c}</UniqueIdentifier>
    </Filter>
  </ItemGroup>
  <ItemGroup>
    <ClInclude Include="framework.h">
      <Filter>Header Files</Filter>
    </ClInclude>
    <ClInclude Include="pch.h">
      <Filter>Header Files</Filter>
    </ClInclude>
    <ClInclude Include="SDK.h">
      <Filter>SDK</Filter>
    </ClInclude>
    <ClInclude Include="Include.h">
      <Filter>Header Files</Filter>
    </ClInclude>
    <ClInclude Include="Offsets.h">
      <Filter>Offsets</Filter>
    </ClInclude>
    <ClInclude Include="PlayerEntity.h">
      <Filter>PlayerEntity</Filter>
    </ClInclude>
    <ClInclude Include="Edges.h">
      <Filter>Edges</Filter>
    </ClInclude>
    <ClInclude Include="Hooking.h">
      <Filter>Hooking</Filter>
    </ClInclude>
    <ClInclude Include="dx.h">
      <Filter>DX</Filter>
    </ClInclude>
    <ClInclude Include="Drawing.h">
      <Filter>Drawing</Filter>
    </ClInclude>
  </ItemGroup>
  <ItemGroup>
    <ClCompile Include="dllmain.cpp">
      <Filter>Source Files</Filter>
    </ClCompile>
    <ClCompile Include="pch.cpp">
      <Filter>Source Files</Filter>
    </ClCompile>
    <ClCompile Include="SDK.cpp">
      <Filter>SDK</Filter>
    </ClCompile>
    <ClCompile Include="Offsets.cpp">
      <Filter>Offsets</Filter>
    </ClCompile>
    <ClCompile Include="PlayerEntity.cpp">
      <Filter>PlayerEntity</Filter>
    </ClCompile>
    <ClCompile Include="Edges.cpp">
      <Filter>Edges</Filter>
    </ClCompile>
    <ClCompile Include="Hooking.cpp">
      <Filter>Hooking</Filter>
    </ClCompile>
    <ClCompile Include="dx.cpp">
      <Filter>DX</Filter>
    </ClCompile>
    <ClCompile Include="Drawing.cpp">
      <Filter>Drawing</Filter>
    </ClCompile>
  </ItemGroup>
</Project>