<?xml version="1.0" encoding="utf-8"?>
<Project ToolsVersion="4.0" xmlns="http://schemas.microsoft.com/developer/msbuild/2003">
  <ItemGroup>
    <Filter Include="Source Files">
      <UniqueIdentifier>{4FC737F1-C7A5-4376-A066-2A32D752A2FF}</UniqueIdentifier>
      <Extensions>cpp;c;cc;cxx;c++;cppm;ixx;def;odl;idl;hpj;bat;asm;asmx</Extensions>
    </Filter>
    <Filter Include="Header Files">
      <UniqueIdentifier>{93995380-89BD-4b04-88EB-625FBE52EBFB}</UniqueIdentifier>
      <Extensions>h;hh;hpp;hxx;h++;hm;inl;inc;ipp;xsd</Extensions>
    </Filter>
    <Filter Include="Resource Files">
      <UniqueIdentifier>{67DA6AB6-F800-4c08-8B7A-83BB121AAD01}</UniqueIdentifier>
      <Extensions>rc;ico;cur;bmp;dlg;rc2;rct;bin;rgs;gif;jpg;jpeg;jpe;resx;tiff;tif;png;wav;mfcribbon-ms</Extensions>
    </Filter>
    <Filter Include="SDK">
      <UniqueIdentifier>{ff83a463-b5f6-4d5b-8a27-9a296e0df60a}</UniqueIdentifier>
    </Filter>
    <Filter Include="Offsets">
      <UniqueIdentifier>{2f331b7f-c726-4ba7-9ccb-395e08df23b6}</UniqueIdentifier>
    </Filter>
    <Filter Include="PlayerEntity">
      <UniqueIdentifier>{d13c37c2-d8bc-41ff-ba09-6d4cd617d29f}</UniqueIdentifier>
    </Filter>
    <Filter Include="Edges">
      <UniqueIdentifier>{02349a00-5bfd-4680-b24a-210e385f1135}</UniqueIdentifier>
    </Filter>
  </ItemGroup>
  <ItemGroup>
    <ClCompile Include="StandardWINAPI.cpp">
      <Filter>Source Files</Filter>
    </ClCompile>
    <ClCompile Include="SDK.cpp">
      <Filter>SDK</Filter>
    </ClCompile>
    <ClCompile Include="Offsets.cpp">
      <Filter>Offsets</Filter>
    </ClCompile>
    <ClCompile Include="PlayerEntity.cpp">
      <Filter>PlayerEntity</Filter>
    </ClCompile>
    <ClCompile Include="Edges.cpp">
      <Filter>Edges</Filter>
    </ClCompile>
  </ItemGroup>
  <ItemGroup>
    <ClInclude Include="Include.h">
      <Filter>Header Files</Filter>
    </ClInclude>
    <ClInclude Include="SDK.h">
      <Filter>SDK</Filter>
    </ClInclude>
    <ClInclude Include="Offsets.h">
      <Filter>Offsets</Filter>
    </ClInclude>
    <ClInclude Include="PlayerEntity.h">
      <Filter>PlayerEntity</Filter>
    </ClInclude>
    <ClInclude Include="Edges.h">
      <Filter>Edges</Filter>
    </ClInclude>
  </ItemGroup>
</Project>